{
  "name": "@bridge/terminal-state",
  "version": "0.1.0",
  "lockfileVersion": 3,
  "requires": true,
  "packages": {
    "": {
      "name": "@bridge/terminal-state",
      "version": "0.1.0",
      "dependencies": {
        "@xterm/addon-serialize": "0.15.0-beta.300",
        "@xterm/addon-unicode11": "0.10.0-beta.300",
        "@xterm/headless": "6.1.0-beta.302",
        "@xterm/xterm": "6.1.0-beta.303"
      }
    },
    "node_modules/@xterm/addon-serialize": {
      "version": "0.15.0-beta.300",
      "resolved": "https://registry.npmjs.org/@xterm/addon-serialize/-/addon-serialize-0.15.0-beta.300.tgz",
      "integrity": "sha512-OCcnMMOCP+p5pIuXIro+u+wfNkSD8J2CZUqmyfTULxgs7jc+vyDL6UiaKmbs2q6MUcq4F9P5Oju3J8d4SEKOmQ==",
      "license": "MIT",
      "peerDependencies": {
        "@xterm/xterm": "^6.1.0-beta.303"
      }
    },
    "node_modules/@xterm/addon-unicode11": {
      "version": "0.10.0-beta.300",
      "resolved": "https://registry.npmjs.org/@xterm/addon-unicode11/-/addon-unicode11-0.10.0-beta.300.tgz",
      "integrity": "sha512-Q678teiannkxiDQtMrr/MtuYAZXc+pou7BWVlL68DTvWdYZqYVrLNjwb1E4PCzO1arEZzO9zaTOhsXfDoiz+gw==",
      "license": "MIT",
      "peerDependencies": {
        "@xterm/xterm": "^6.1.0-beta.303"
      }
    },
    "node_modules/@xterm/headless": {
      "version": "6.1.0-beta.302",
      "resolved": "https://registry.npmjs.org/@xterm/headless/-/headless-6.1.0-beta.302.tgz",
      "integrity": "sha512-UZTvl9zme7wu4q8H5dvudJ7jDYk2BkXbDpiuhbDj0eDg0smoDHk5vcHDfy8zokwDCIHCZXV5Yzy45Wi7DC7dXQ==",
      "license": "MIT",
      "workspaces": [
        "addons/*"
      ]
    },
    "node_modules/@xterm/xterm": {
      "version": "6.1.0-beta.303",
      "resolved": "https://registry.npmjs.org/@xterm/xterm/-/xterm-6.1.0-beta.303.tgz",
      "integrity": "sha512-tqzB2bLPxbRCxQfAdP9K7v0RoS4NgqGWKHAtS4WxqOH9dFgApDojwx5WSD173OomClx40l0cpKDfERMsLPYShA==",
      "license": "MIT",
      "workspaces": [
        "addons/*"
      ]
    }
  }
}
